
Microsoft Visual Studio Solution File, Format Version 12.00
# Visual Studio 15
VisualStudioVersion = 15.0.27703.2000
MinimumVisualStudioVersion = 10.0.40219.1
Project("{9A19103F-16F7-4668-BE54-9A1E7A4F7556}") = "PDFSharpMerge", "PDFSharpMerge\PDFSharpMerge.csproj", "{F12946EF-46D6-420C-B266-34ADB6E36B95}"
EndProject
Global
	GlobalSection(SolutionConfigurationPlatforms) = preSolution
		Debug|Any CPU = Debug|Any CPU
		Release|Any CPU = Release|Any CPU
	EndGlobalSection
	GlobalSection(ProjectConfigurationPlatforms) = postSolution
		{F12946EF-46D6-420C-B266-34ADB6E36B95}.Debug|Any CPU.ActiveCfg = Debug|Any CPU
		{F12946EF-46D6-420C-B266-34ADB6E36B95}.Debug|Any CPU.Build.0 = Debug|Any CPU
		{F12946EF-46D6-420C-B266-34ADB6E36B95}.Release|Any CPU.ActiveCfg = Release|Any CPU
		{F12946EF-46D6-420C-B266-34ADB6E36B95}.Release|Any CPU.Build.0 = Release|Any CPU
	EndGlobalSection
	GlobalSection(SolutionProperties) = preSolution
		HideSolutionNode = FALSE
	EndGlobalSection
	GlobalSection(ExtensibilityGlobals) = postSolution
		SolutionGuid = {5E722344-8AE5-4E87-A17B-D45424FCEAFB}
	EndGlobalSection
EndGlobal
